// !$*UTF8*$!
{
	archiveVersion = 1;
	classes = {
	};
	objectVersion = 46;
	objects = {

/* Begin PBXBuildFile section */
		EDDC103D1D915B74007B0646 /* AppDelegate.swift in Sources */ = {isa = PBXBuildFile; fileRef = EDDC103C1D915B74007B0646 /* AppDelegate.swift */; };
		EDDC103F1D915B74007B0646 /* ViewController.swift in Sources */ = {isa = PBXBuildFile; fileRef = EDDC103E1D915B74007B0646 /* ViewController.swift */; };
		EDDC10421D915B74007B0646 /* Main.storyboard in Resources */ = {isa = PBXBuildFile; fileRef = EDDC10401D915B74007B0646 /* Main.storyboard */; };
		EDDC10441D915B74007B0646 /* Assets.xcassets in Resources */ = {isa = PBXBuildFile; fileRef = EDDC10431D915B74007B0646 /* Assets.xcassets */; };
		EDDC10471D915B74007B0646 /* LaunchScreen.storyboard in Resources */ = {isa = PBXBuildFile; fileRef = EDDC10451D915B74007B0646 /* LaunchScreen.storyboard */; };
/* End PBXBuildFile section */

/* Begin PBXFileReference section */
		EDDC10391D915B74007B0646 /* PageViewCtrUse.app */ = {isa = PBXFileReference; explicitFileType = wrapper.application; includeInIndex = 0; path = PageViewCtrUse.app; sourceTree = BUILT_PRODUCTS_DIR; };
		EDDC103C1D915B74007B0646 /* AppDelegate.swift */ = {isa = PBXFileReference; lastKnownFileType = sourcecode.swift; path = AppDelegate.swift; sourceTree = "<group>"; };
		EDDC103E1D915B74007B0646 /* ViewController.swift */ = {isa = PBXFileReference; lastKnownFileType = sourcecode.swift; path = ViewController.swift; sourceTree = "<group>"; };
		EDDC10411D915B74007B0646 /* Base */ = {isa = PBXFileReference; lastKnownFileType = file.storyboard; name = Base; path = Base.lproj/Main.storyboard; sourceTree = "<group>"; };
		EDDC10431D915B74007B0646 /* Assets.xcassets */ = {isa = PBXFileReference; lastKnownFileType = folder.assetcatalog; path = Assets.xcassets; sourceTree = "<group>"; };
		EDDC10461D915B74007B0646 /* Base */ = {isa = PBXFileReference; lastKnownFileType = file.storyboard; name = Base; path = Base.lproj/LaunchScreen.storyboard; sourceTree = "<group>"; };
		EDDC10481D915B74007B0646 /* Info.plist */ = {isa = PBXFileReference; lastKnownFileType = text.plist.xml; path = Info.plist; sourceTree = "<group>"; };
/* End PBXFileReference section */

/* Begin PBXFrameworksBuildPhase section */
		EDDC10361D915B74007B0646 /* Frameworks */ = {
			isa = PBXFrameworksBuildPhase;
			buildActionMask = 2147483647;
			files = (
			);
			runOnlyForDeploymentPostprocessing = 0;
		};
/* End PBXFrameworksBuildPhase section */

/* Begin PBXGroup section */
		EDDC10301D915B74007B0646 = {
			isa = PBXGroup;
			children = (
				EDDC103B1D915B74007B0646 /* PageViewCtrUse */,
				EDDC103A1D915B74007B0646 /* Products */,
			);
			sourceTree = "<group>";
		};
		EDDC103A1D915B74007B0646 /* Products */ = {
			isa = PBXGroup;
			children = (
				EDDC10391D915B74007B0646 /* PageViewCtrUse.app */,
			);
			name = Products;
			sourceTree = "<group>";
		};
		EDDC103B1D915B74007B0646 /* PageViewCtrUse */ = {
			isa = PBXGroup;
			children = (
				EDDC103C1D915B74007B0646 /* AppDelegate.swift */,
				EDDC103E1D915B74007B0646 /* ViewController.swift */,
				EDDC10401D915B74007B0646 /* Main.storyboard */,
				EDDC10431D915B74007B0646 /* Assets.xcassets */,
				EDDC10451D915B74007B0646 /* LaunchScreen.storyboard */,
				EDDC10481D915B74007B0646 /* Info.plist */,
			);
			path = PageViewCtrUse;
			sourceTree = "<group>";
		};
/* End PBXGroup section */

/* Begin PBXNativeTarget section */
		EDDC10381D915B74007B0646 /* PageViewCtrUse */ = {
			isa = PBXNativeTarget;
			buildConfigurationList = EDDC104B1D915B74007B0646 /* Build configuration list for PBXNativeTarget "PageViewCtrUse" */;
			buildPhases = (
				EDDC10351D915B74007B0646 /* Sources */,
				EDDC10361D915B74007B0646 /* Frameworks */,
				EDDC10371D915B74007B0646 /* Resources */,
			);
			buildRules = (
			);
			dependencies = (
			);
			name = PageViewCtrUse;
			productName = PageViewCtrUse;
			productReference = EDDC10391D915B74007B0646 /* PageViewCtrUse.app */;
			productType = "com.apple.product-type.application";
		};
/* End PBXNativeTarget section */

/* Begin PBXProject section */
		EDDC10311D915B74007B0646 /* Project object */ = {
			isa = PBXProject;
			attributes = {
				LastSwiftUpdateCheck = 0800;
				LastUpgradeCheck = 0800;
				ORGANIZATIONNAME = lotawei;
				TargetAttributes = {
					EDDC10381D915B74007B0646 = {
						CreatedOnToolsVersion = 8.0;
						ProvisioningStyle = Automatic;
					};
				};
			};
			buildConfigurationList = EDDC10341D915B74007B0646 /* Build configuration list for PBXProject "PageViewCtrUse" */;
			compatibilityVersion = "Xcode 3.2";
			developmentRegion = English;
			hasScannedForEncodings = 0;
			knownRegions = (
				en,
				Base,
			);
			mainGroup = EDDC10301D915B74007B0646;
			productRefGroup = EDDC103A1D915B74007B0646 /* Products */;
			projectDirPath = "";
			projectRoot = "";
			targets = (
				EDDC10381D915B74007B0646 /* PageViewCtrUse */,
			);
		};
/* End PBXProject section */

/* Begin PBXResourcesBuildPhase section */
		EDDC10371D915B74007B0646 /* Resources */ = {
			isa = PBXResourcesBuildPhase;
			buildActionMask = 2147483647;
			files = (
				EDDC10471D915B74007B0646 /* LaunchScreen.storyboard in Resources */,
				EDDC10441D915B74007B0646 /* Assets.xcassets in Resources */,
				EDDC10421D915B74007B0646 /* Main.storyboard in Resources */,
			);
			runOnlyForDeploymentPostprocessing = 0;
		};
/* End PBXResourcesBuildPhase section */

/* Begin PBXSourcesBuildPhase section */
		EDDC10351D915B74007B0646 /* Sources */ = {
			isa = PBXSourcesBuildPhase;
			buildActionMask = 2147483647;
			files = (
				EDDC103F1D915B74007B0646 /* ViewController.swift in Sources */,
				EDDC103D1D915B74007B0646 /* AppDelegate.swift in Sources */,
			);
			runOnlyForDeploymentPostprocessing = 0;
		};
/* End PBXSourcesBuildPhase section */

/* Begin PBXVariantGroup section */
		EDDC10401D915B74007B0646 /* Main.storyboard */ = {
			isa = PBXVariantGroup;
			children = (
				EDDC10411D915B74007B0646 /* Base */,
			);
			name = Main.storyboard;
			sourceTree = "<group>";
		};
		EDDC10451D915B74007B0646 /* LaunchScreen.storyboard */ = {
			isa = PBXVariantGroup;
			children = (
				EDDC10461D915B74007B0646 /* Base */,
			);
			name = LaunchScreen.storyboard;
			sourceTree = "<group>";
		};
/* End PBXVariantGroup section */

/* Begin XCBuildConfiguration section */
		EDDC10491D915B74007B0646 /* Debug */ = {
			isa = XCBuildConfiguration;
			buildSettings = {
				ALWAYS_SEARCH_USER_PATHS = NO;
				CLANG_ANALYZER_NONNULL = YES;
				CLANG_CXX_LANGUAGE_STANDARD = "gnu++0x";
				CLANG_CXX_LIBRARY = "libc++";
				CLANG_ENABLE_MODULES = YES;
				CLANG_ENABLE_OBJC_ARC = YES;
				CLANG_WARN_BOOL_CONVERSION = YES;
				CLANG_WARN_CONSTANT_CONVERSION = YES;
				CLANG_WARN_DIRECT_OBJC_ISA_USAGE = YES_ERROR;
				CLANG_WARN_DOCUMENTATION_COMMENTS = YES;
				CLANG_WARN_EMPTY_BODY = YES;
				CLANG_WARN_ENUM_CONVERSION = YES;
				CLANG_WARN_INFINITE_RECURSION = YES;
				CLANG_WARN_INT_CONVERSION = YES;
				CLANG_WARN_OBJC_ROOT_CLASS = YES_ERROR;
				CLANG_WARN_SUSPICIOUS_MOVES = YES;
				CLANG_WARN_UNREACHABLE_CODE = YES;
				CLANG_WARN__DUPLICATE_METHOD_MATCH = YES;
				"CODE_SIGN_IDENTITY[sdk=iphoneos*]" = "iPhone Developer";
				COPY_PHASE_STRIP = NO;
				DEBUG_INFORMATION_FORMAT = dwarf;
				ENABLE_STRICT_OBJC_MSGSEND = YES;
				ENABLE_TESTABILITY = YES;
				GCC_C_LANGUAGE_STANDARD = gnu99;
				GCC_DYNAMIC_NO_PIC = NO;
				GCC_NO_COMMON_BLOCKS = YES;
				GCC_OPTIMIZATION_LEVEL = 0;
				GCC_PREPROCESSOR_DEFINITIONS = (
					"DEBUG=1",
					"$(inherited)",
				);
				GCC_WARN_64_TO_32_BIT_CONVERSION = YES;
				GCC_WARN_ABOUT_RETURN_TYPE = YES_ERROR;
				GCC_WARN_UNDECLARED_SELECTOR = YES;
				GCC_WARN_UNINITIALIZED_AUTOS = YES_AGGRESSIVE;
				GCC_WARN_UNUSED_FUNCTION = YES;
				GCC_WARN_UNUSED_VARIABLE = YES;
				IPHONEOS_DEPLOYMENT_TARGET = 10.0;
				MTL_ENABLE_DEBUG_INFO = YES;
				ONLY_ACTIVE_ARCH = YES;
				SDKROOT = iphoneos;
				SWIFT_ACTIVE_COMPILATION_CONDITIONS = DEBUG;
				SWIFT_OPTIMIZATION_LEVEL = "-Onone";
				TARGETED_DEVICE_FAMILY = 2;
			};
			name = Debug;
		};
		EDDC104A1D915B74007B0646 /* Release */ = {
			isa = XCBuildConfiguration;
			buildSettings = {
				ALWAYS_SEARCH_USER_PATHS = NO;
				CLANG_ANALYZER_NONNULL = YES;
				CLANG_CXX_LANGUAGE_STANDARD = "gnu++0x";
				CLANG_CXX_LIBRARY = "libc++";
				CLANG_ENABLE_MODULES = YES;
				CLANG_ENABLE_OBJC_ARC = YES;
				CLANG_WARN_BOOL_CONVERSION = YES;
				CLANG_WARN_CONSTANT_CONVERSION = YES;
				CLANG_WARN_DIRECT_OBJC_ISA_USAGE = YES_ERROR;
				CLANG_WARN_DOCUMENTATION_COMMENTS = YES;
				CLANG_WARN_EMPTY_BODY = YES;
				CLANG_WARN_ENUM_CONVERSION = YES;
				CLANG_WARN_INFINITE_RECURSION = YES;
				CLANG_WARN_INT_CONVERSION = YES;
				CLANG_WARN_OBJC_ROOT_CLASS = YES_ERROR;
				CLANG_WARN_SUSPICIOUS_MOVES = YES;
				CLANG_WARN_UNREACHABLE_CODE = YES;
				CLANG_WARN__DUPLICATE_METHOD_MATCH = YES;
				"CODE_SIGN_IDENTITY[sdk=iphoneos*]" = "iPhone Developer";
				COPY_PHASE_STRIP = NO;
				DEBUG_INFORMATION_FORMAT = "dwarf-with-dsym";
				ENABLE_NS_ASSERTIONS = NO;
				ENABLE_STRICT_OBJC_MSGSEND = YES;
				GCC_C_LANGUAGE_STANDARD = gnu99;
				GCC_NO_COMMON_BLOCKS = YES;
				GCC_WARN_64_TO_32_BIT_CONVERSION = YES;
				GCC_WARN_ABOUT_RETURN_TYPE = YES_ERROR;
				GCC_WARN_UNDECLARED_SELECTOR = YES;
				GCC_WARN_UNINITIALIZED_AUTOS = YES_AGGRESSIVE;
				GCC_WARN_UNUSED_FUNCTION = YES;
				GCC_WARN_UNUSED_VARIABLE = YES;
				IPHONEOS_DEPLOYMENT_TARGET = 10.0;
				MTL_ENABLE_DEBUG_INFO = NO;
				SDKROOT = iphoneos;
				SWIFT_OPTIMIZATION_LEVEL = "-Owholemodule";
				TARGETED_DEVICE_FAMILY = 2;
				VALIDATE_PRODUCT = YES;
			};
			name = Release;
		};
		EDDC104C1D915B74007B0646 /* Debug */ = {
			isa = XCBuildConfiguration;
			buildSettings = {
				ASSETCATALOG_COMPILER_APPICON_NAME = AppIcon;
				INFOPLIST_FILE = PageViewCtrUse/Info.plist;
				LD_RUNPATH_SEARCH_PATHS = "$(inherited) @executable_path/Frameworks";
				PRODUCT_BUNDLE_IDENTIFIER = com.lw.cn.PageViewCtrUse;
				PRODUCT_NAME = "$(TARGET_NAME)";
				SWIFT_VERSION = 3.0;
			};
			name = Debug;
		};
		EDDC104D1D915B74007B0646 /* Release */ = {
			isa = XCBuildConfiguration;
			buildSettings = {
				ASSETCATALOG_COMPILER_APPICON_NAME = AppIcon;
				INFOPLIST_FILE = PageViewCtrUse/Info.plist;
				LD_RUNPATH_SEARCH_PATHS = "$(inherited) @executable_path/Frameworks";
				PRODUCT_BUNDLE_IDENTIFIER = com.lw.cn.PageViewCtrUse;
				PRODUCT_NAME = "$(TARGET_NAME)";
				SWIFT_VERSION = 3.0;
			};
			name = Release;
		};
/* End XCBuildConfiguration section */

/* Begin XCConfigurationList section */
		EDDC10341D915B74007B0646 /* Build configuration list for PBXProject "PageViewCtrUse" */ = {
			isa = XCConfigurationList;
			buildConfigurations = (
				EDDC10491D915B74007B0646 /* Debug */,
				EDDC104A1D915B74007B0646 /* Release */,
			);
			defaultConfigurationIsVisible = 0;
			defaultConfigurationName = Release;
		};
		EDDC104B1D915B74007B0646 /* Build configuration list for PBXNativeTarget "PageViewCtrUse" */ = {
			isa = XCConfigurationList;
			buildConfigurations = (
				EDDC104C1D915B74007B0646 /* Debug */,
				EDDC104D1D915B74007B0646 /* Release */,
			);
			defaultConfigurationIsVisible = 0;
		};
/* End XCConfigurationList section */
	};
	rootObject = EDDC10311D915B74007B0646 /* Project object */;
}
